github.com/aviate-labs/leb128 v0.3.0 h1:s9htRv3OYk8nuHqJu9PiVFJxv1jIUTIcpEeiURa91uQ=
github.com/aviate-labs/leb128 v0.3.0/go.mod h1:GclhBOjhIKmcDlgHKhj0AEZollzERfZUbcRUKiQVqgY=
github.com/mertdogan12/leb128 v0.3.1-0.20220606220427-becd34537f3d h1:JxYYFQGNM54IsXcH+e3d8crUOtfTL4UPWVobLdLRws0=
github.com/mertdogan12/leb128 v0.3.1-0.20220606220427-becd34537f3d/go.mod h1:TxbHj2sHb2Gw95W1xMWKqKIH4ZkX1ClUvYLzOwrwXOo=
github.com/ulikunitz/xz v0.5.10 h1:t92gobL9l3HE202wg3rlk19F6X+JOxl9BBrCCMYEYd8=
github.com/ulikunitz/xz v0.5.10/go.mod h1:nbz6k7qbPmH4IRqmfOplQw/tblSgqTqBwxkY0oWt/14=
